// !$*UTF8*$!
{
	archiveVersion = 1;
	classes = {
	};
	objectVersion = 56;
	objects = {

/* Begin PBXBuildFile section */
		6C3B688A2C94995F00FC2BCD /* DemCareVoiceApp.swift in Sources */ = {isa = PBXBuildFile; fileRef = 6C3B68892C94995F00FC2BCD /* DemCareVoiceApp.swift */; };
		6C3B688C2C94995F00FC2BCD /* ContentView.swift in Sources */ = {isa = PBXBuildFile; fileRef = 6C3B688B2C94995F00FC2BCD /* ContentView.swift */; };
		6C3B688E2C94995F00FC2BCD /* Item.swift in Sources */ = {isa = PBXBuildFile; fileRef = 6C3B688D2C94995F00FC2BCD /* Item.swift */; };
		6C3B68902C94996000FC2BCD /* Assets.xcassets in Resources */ = {isa = PBXBuildFile; fileRef = 6C3B688F2C94996000FC2BCD /* Assets.xcassets */; };
		6C3B68932C94996000FC2BCD /* Preview Assets.xcassets in Resources */ = {isa = PBXBuildFile; fileRef = 6C3B68922C94996000FC2BCD /* Preview Assets.xcassets */; };
		6C3B689D2C94996000FC2BCD /* DemCareVoiceTests.swift in Sources */ = {isa = PBXBuildFile; fileRef = 6C3B689C2C94996000FC2BCD /* DemCareVoiceTests.swift */; };
		6C3B68A72C94996000FC2BCD /* DemCareVoiceUITests.swift in Sources */ = {isa = PBXBuildFile; fileRef = 6C3B68A62C94996000FC2BCD /* DemCareVoiceUITests.swift */; };
		6C3B68A92C94996000FC2BCD /* DemCareVoiceUITestsLaunchTests.swift in Sources */ = {isa = PBXBuildFile; fileRef = 6C3B68A82C94996000FC2BCD /* DemCareVoiceUITestsLaunchTests.swift */; };
		6C7499A72C94E67000A3A83C /* APIClient.swift in Sources */ = {isa = PBXBuildFile; fileRef = 6C7499A62C94E67000A3A83C /* APIClient.swift */; };
		6C7499A92C96173000A3A83C /* SpeechRecognizer.swift in Sources */ = {isa = PBXBuildFile; fileRef = 6C7499A82C96173000A3A83C /* SpeechRecognizer.swift */; };
		6CA2BBA02CA26A61007A192A /* TextBubble.swift in Sources */ = {isa = PBXBuildFile; fileRef = 6CA2BB9F2CA26A61007A192A /* TextBubble.swift */; };
/* End PBXBuildFile section */

/* Begin PBXContainerItemProxy section */
		6C3B68992C94996000FC2BCD /* PBXContainerItemProxy */ = {
			isa = PBXContainerItemProxy;
			containerPortal = 6C3B687E2C94995F00FC2BCD /* Project object */;
			proxyType = 1;
			remoteGlobalIDString = 6C3B68852C94995F00FC2BCD;
			remoteInfo = DemCareVoice;
		};
		6C3B68A32C94996000FC2BCD /* PBXContainerItemProxy */ = {
			isa = PBXContainerItemProxy;
			containerPortal = 6C3B687E2C94995F00FC2BCD /* Project object */;
			proxyType = 1;
			remoteGlobalIDString = 6C3B68852C94995F00FC2BCD;
			remoteInfo = DemCareVoice;
		};
/* End PBXContainerItemProxy section */

/* Begin PBXFileReference section */
		6C3B68862C94995F00FC2BCD /* DemCareVoice.app */ = {isa = PBXFileReference; explicitFileType = wrapper.application; includeInIndex = 0; path = DemCareVoice.app; sourceTree = BUILT_PRODUCTS_DIR; };
		6C3B68892C94995F00FC2BCD /* DemCareVoiceApp.swift */ = {isa = PBXFileReference; lastKnownFileType = sourcecode.swift; path = DemCareVoiceApp.swift; sourceTree = "<group>"; };
		6C3B688B2C94995F00FC2BCD /* ContentView.swift */ = {isa = PBXFileReference; lastKnownFileType = sourcecode.swift; path = ContentView.swift; sourceTree = "<group>"; };
		6C3B688D2C94995F00FC2BCD /* Item.swift */ = {isa = PBXFileReference; lastKnownFileType = sourcecode.swift; path = Item.swift; sourceTree = "<group>"; };
		6C3B688F2C94996000FC2BCD /* Assets.xcassets */ = {isa = PBXFileReference; lastKnownFileType = folder.assetcatalog; path = Assets.xcassets; sourceTree = "<group>"; };
		6C3B68922C94996000FC2BCD /* Preview Assets.xcassets */ = {isa = PBXFileReference; lastKnownFileType = folder.assetcatalog; path = "Preview Assets.xcassets"; sourceTree = "<group>"; };
		6C3B68982C94996000FC2BCD /* DemCareVoiceTests.xctest */ = {isa = PBXFileReference; explicitFileType = wrapper.cfbundle; includeInIndex = 0; path = DemCareVoiceTests.xctest; sourceTree = BUILT_PRODUCTS_DIR; };
		6C3B689C2C94996000FC2BCD /* DemCareVoiceTests.swift */ = {isa = PBXFileReference; lastKnownFileType = sourcecode.swift; path = DemCareVoiceTests.swift; sourceTree = "<group>"; };
		6C3B68A22C94996000FC2BCD /* DemCareVoiceUITests.xctest */ = {isa = PBXFileReference; explicitFileType = wrapper.cfbundle; includeInIndex = 0; path = DemCareVoiceUITests.xctest; sourceTree = BUILT_PRODUCTS_DIR; };
		6C3B68A62C94996000FC2BCD /* DemCareVoiceUITests.swift */ = {isa = PBXFileReference; lastKnownFileType = sourcecode.swift; path = DemCareVoiceUITests.swift; sourceTree = "<group>"; };
		6C3B68A82C94996000FC2BCD /* DemCareVoiceUITestsLaunchTests.swift */ = {isa = PBXFileReference; lastKnownFileType = sourcecode.swift; path = DemCareVoiceUITestsLaunchTests.swift; sourceTree = "<group>"; };
		6C7499A62C94E67000A3A83C /* APIClient.swift */ = {isa = PBXFileReference; lastKnownFileType = sourcecode.swift; path = APIClient.swift; sourceTree = "<group>"; };
		6C7499A82C96173000A3A83C /* SpeechRecognizer.swift */ = {isa = PBXFileReference; lastKnownFileType = sourcecode.swift; path = SpeechRecognizer.swift; sourceTree = "<group>"; };
		6CA2BB9F2CA26A61007A192A /* TextBubble.swift */ = {isa = PBXFileReference; lastKnownFileType = sourcecode.swift; path = TextBubble.swift; sourceTree = "<group>"; };
/* End PBXFileReference section */

/* Begin PBXFrameworksBuildPhase section */
		6C3B68832C94995F00FC2BCD /* Frameworks */ = {
			isa = PBXFrameworksBuildPhase;
			buildActionMask = 2147483647;
			files = (
			);
			runOnlyForDeploymentPostprocessing = 0;
		};
		6C3B68952C94996000FC2BCD /* Frameworks */ = {
			isa = PBXFrameworksBuildPhase;
			buildActionMask = 2147483647;
			files = (
			);
			runOnlyForDeploymentPostprocessing = 0;
		};
		6C3B689F2C94996000FC2BCD /* Frameworks */ = {
			isa = PBXFrameworksBuildPhase;
			buildActionMask = 2147483647;
			files = (
			);
			runOnlyForDeploymentPostprocessing = 0;
		};
/* End PBXFrameworksBuildPhase section */

/* Begin PBXGroup section */
		6C3B687D2C94995F00FC2BCD = {
			isa = PBXGroup;
			children = (
				6C7499A82C96173000A3A83C /* SpeechRecognizer.swift */,
				6C7499A62C94E67000A3A83C /* APIClient.swift */,
				6CA2BB9F2CA26A61007A192A /* TextBubble.swift */,
				6C3B68882C94995F00FC2BCD /* DemCareVoice */,
				6C3B689B2C94996000FC2BCD /* DemCareVoiceTests */,
				6C3B68A52C94996000FC2BCD /* DemCareVoiceUITests */,
				6C3B68872C94995F00FC2BCD /* Products */,
			);
			sourceTree = "<group>";
		};
		6C3B68872C94995F00FC2BCD /* Products */ = {
			isa = PBXGroup;
			children = (
				6C3B68862C94995F00FC2BCD /* DemCareVoice.app */,
				6C3B68982C94996000FC2BCD /* DemCareVoiceTests.xctest */,
				6C3B68A22C94996000FC2BCD /* DemCareVoiceUITests.xctest */,
			);
			name = Products;
			sourceTree = "<group>";
		};
		6C3B68882C94995F00FC2BCD /* DemCareVoice */ = {
			isa = PBXGroup;
			children = (
				6C3B68892C94995F00FC2BCD /* DemCareVoiceApp.swift */,
				6C3B688B2C94995F00FC2BCD /* ContentView.swift */,
				6C3B688D2C94995F00FC2BCD /* Item.swift */,
				6C3B688F2C94996000FC2BCD /* Assets.xcassets */,
				6C3B68912C94996000FC2BCD /* Preview Content */,
			);
			path = DemCareVoice;
			sourceTree = "<group>";
		};
		6C3B68912C94996000FC2BCD /* Preview Content */ = {
			isa = PBXGroup;
			children = (
				6C3B68922C94996000FC2BCD /* Preview Assets.xcassets */,
			);
			path = "Preview Content";
			sourceTree = "<group>";
		};
		6C3B689B2C94996000FC2BCD /* DemCareVoiceTests */ = {
			isa = PBXGroup;
			children = (
				6C3B689C2C94996000FC2BCD /* DemCareVoiceTests.swift */,
			);
			path = DemCareVoiceTests;
			sourceTree = "<group>";
		};
		6C3B68A52C94996000FC2BCD /* DemCareVoiceUITests */ = {
			isa = PBXGroup;
			children = (
				6C3B68A62C94996000FC2BCD /* DemCareVoiceUITests.swift */,
				6C3B68A82C94996000FC2BCD /* DemCareVoiceUITestsLaunchTests.swift */,
			);
			path = DemCareVoiceUITests;
			sourceTree = "<group>";
		};
/* End PBXGroup section */

/* Begin PBXNativeTarget section */
		6C3B68852C94995F00FC2BCD /* DemCareVoice */ = {
			isa = PBXNativeTarget;
			buildConfigurationList = 6C3B68AC2C94996000FC2BCD /* Build configuration list for PBXNativeTarget "DemCareVoice" */;
			buildPhases = (
				6C3B68822C94995F00FC2BCD /* Sources */,
				6C3B68832C94995F00FC2BCD /* Frameworks */,
				6C3B68842C94995F00FC2BCD /* Resources */,
			);
			buildRules = (
			);
			dependencies = (
			);
			name = DemCareVoice;
			productName = DemCareVoice;
			productReference = 6C3B68862C94995F00FC2BCD /* DemCareVoice.app */;
			productType = "com.apple.product-type.application";
		};
		6C3B68972C94996000FC2BCD /* DemCareVoiceTests */ = {
			isa = PBXNativeTarget;
			buildConfigurationList = 6C3B68AF2C94996000FC2BCD /* Build configuration list for PBXNativeTarget "DemCareVoiceTests" */;
			buildPhases = (
				6C3B68942C94996000FC2BCD /* Sources */,
				6C3B68952C94996000FC2BCD /* Frameworks */,
				6C3B68962C94996000FC2BCD /* Resources */,
			);
			buildRules = (
			);
			dependencies = (
				6C3B689A2C94996000FC2BCD /* PBXTargetDependency */,
			);
			name = DemCareVoiceTests;
			productName = DemCareVoiceTests;
			productReference = 6C3B68982C94996000FC2BCD /* DemCareVoiceTests.xctest */;
			productType = "com.apple.product-type.bundle.unit-test";
		};
		6C3B68A12C94996000FC2BCD /* DemCareVoiceUITests */ = {
			isa = PBXNativeTarget;
			buildConfigurationList = 6C3B68B22C94996000FC2BCD /* Build configuration list for PBXNativeTarget "DemCareVoiceUITests" */;
			buildPhases = (
				6C3B689E2C94996000FC2BCD /* Sources */,
				6C3B689F2C94996000FC2BCD /* Frameworks */,
				6C3B68A02C94996000FC2BCD /* Resources */,
			);
			buildRules = (
			);
			dependencies = (
				6C3B68A42C94996000FC2BCD /* PBXTargetDependency */,
			);
			name = DemCareVoiceUITests;
			productName = DemCareVoiceUITests;
			productReference = 6C3B68A22C94996000FC2BCD /* DemCareVoiceUITests.xctest */;
			productType = "com.apple.product-type.bundle.ui-testing";
		};
/* End PBXNativeTarget section */

/* Begin PBXProject section */
		6C3B687E2C94995F00FC2BCD /* Project object */ = {
			isa = PBXProject;
			attributes = {
				BuildIndependentTargetsInParallel = 1;
				LastSwiftUpdateCheck = 1540;
				LastUpgradeCheck = 1600;
				TargetAttributes = {
					6C3B68852C94995F00FC2BCD = {
						CreatedOnToolsVersion = 15.4;
					};
					6C3B68972C94996000FC2BCD = {
						CreatedOnToolsVersion = 15.4;
						TestTargetID = 6C3B68852C94995F00FC2BCD;
					};
					6C3B68A12C94996000FC2BCD = {
						CreatedOnToolsVersion = 15.4;
						TestTargetID = 6C3B68852C94995F00FC2BCD;
					};
				};
			};
			buildConfigurationList = 6C3B68812C94995F00FC2BCD /* Build configuration list for PBXProject "DemCareVoice" */;
			compatibilityVersion = "Xcode 14.0";
			developmentRegion = en;
			hasScannedForEncodings = 0;
			knownRegions = (
				en,
				Base,
			);
			mainGroup = 6C3B687D2C94995F00FC2BCD;
			productRefGroup = 6C3B68872C94995F00FC2BCD /* Products */;
			projectDirPath = "";
			projectRoot = "";
			targets = (
				6C3B68852C94995F00FC2BCD /* DemCareVoice */,
				6C3B68972C94996000FC2BCD /* DemCareVoiceTests */,
				6C3B68A12C94996000FC2BCD /* DemCareVoiceUITests */,
			);
		};
/* End PBXProject section */

/* Begin PBXResourcesBuildPhase section */
		6C3B68842C94995F00FC2BCD /* Resources */ = {
			isa = PBXResourcesBuildPhase;
			buildActionMask = 2147483647;
			files = (
				6C3B68932C94996000FC2BCD /* Preview Assets.xcassets in Resources */,
				6C3B68902C94996000FC2BCD /* Assets.xcassets in Resources */,
			);
			runOnlyForDeploymentPostprocessing = 0;
		};
		6C3B68962C94996000FC2BCD /* Resources */ = {
			isa = PBXResourcesBuildPhase;
			buildActionMask = 2147483647;
			files = (
			);
			runOnlyForDeploymentPostprocessing = 0;
		};
		6C3B68A02C94996000FC2BCD /* Resources */ = {
			isa = PBXResourcesBuildPhase;
			buildActionMask = 2147483647;
			files = (
			);
			runOnlyForDeploymentPostprocessing = 0;
		};
/* End PBXResourcesBuildPhase section */

/* Begin PBXSourcesBuildPhase section */
		6C3B68822C94995F00FC2BCD /* Sources */ = {
			isa = PBXSourcesBuildPhase;
			buildActionMask = 2147483647;
			files = (
				6C7499A92C96173000A3A83C /* SpeechRecognizer.swift in Sources */,
				6C3B688C2C94995F00FC2BCD /* ContentView.swift in Sources */,
				6CA2BBA02CA26A61007A192A /* TextBubble.swift in Sources */,
				6C3B688E2C94995F00FC2BCD /* Item.swift in Sources */,
				6C3B688A2C94995F00FC2BCD /* DemCareVoiceApp.swift in Sources */,
				6C7499A72C94E67000A3A83C /* APIClient.swift in Sources */,
			);
			runOnlyForDeploymentPostprocessing = 0;
		};
		6C3B68942C94996000FC2BCD /* Sources */ = {
			isa = PBXSourcesBuildPhase;
			buildActionMask = 2147483647;
			files = (
				6C3B689D2C94996000FC2BCD /* DemCareVoiceTests.swift in Sources */,
			);
			runOnlyForDeploymentPostprocessing = 0;
		};
		6C3B689E2C94996000FC2BCD /* Sources */ = {
			isa = PBXSourcesBuildPhase;
			buildActionMask = 2147483647;
			files = (
				6C3B68A72C94996000FC2BCD /* DemCareVoiceUITests.swift in Sources */,
				6C3B68A92C94996000FC2BCD /* DemCareVoiceUITestsLaunchTests.swift in Sources */,
			);
			runOnlyForDeploymentPostprocessing = 0;
		};
/* End PBXSourcesBuildPhase section */

/* Begin PBXTargetDependency section */
		6C3B689A2C94996000FC2BCD /* PBXTargetDependency */ = {
			isa = PBXTargetDependency;
			target = 6C3B68852C94995F00FC2BCD /* DemCareVoice */;
			targetProxy = 6C3B68992C94996000FC2BCD /* PBXContainerItemProxy */;
		};
		6C3B68A42C94996000FC2BCD /* PBXTargetDependency */ = {
			isa = PBXTargetDependency;
			target = 6C3B68852C94995F00FC2BCD /* DemCareVoice */;
			targetProxy = 6C3B68A32C94996000FC2BCD /* PBXContainerItemProxy */;
		};
/* End PBXTargetDependency section */

/* Begin XCBuildConfiguration section */
		6C3B68AA2C94996000FC2BCD /* Debug */ = {
			isa = XCBuildConfiguration;
			buildSettings = {
				ALWAYS_SEARCH_USER_PATHS = NO;
				ASSETCATALOG_COMPILER_GENERATE_SWIFT_ASSET_SYMBOL_EXTENSIONS = YES;
				CLANG_ANALYZER_NONNULL = YES;
				CLANG_ANALYZER_NUMBER_OBJECT_CONVERSION = YES_AGGRESSIVE;
				CLANG_CXX_LANGUAGE_STANDARD = "gnu++20";
				CLANG_ENABLE_MODULES = YES;
				CLANG_ENABLE_OBJC_ARC = YES;
				CLANG_ENABLE_OBJC_WEAK = YES;
				CLANG_WARN_BLOCK_CAPTURE_AUTORELEASING = YES;
				CLANG_WARN_BOOL_CONVERSION = YES;
				CLANG_WARN_COMMA = YES;
				CLANG_WARN_CONSTANT_CONVERSION = YES;
				CLANG_WARN_DEPRECATED_OBJC_IMPLEMENTATIONS = YES;
				CLANG_WARN_DIRECT_OBJC_ISA_USAGE = YES_ERROR;
				CLANG_WARN_DOCUMENTATION_COMMENTS = YES;
				CLANG_WARN_EMPTY_BODY = YES;
				CLANG_WARN_ENUM_CONVERSION = YES;
				CLANG_WARN_INFINITE_RECURSION = YES;
				CLANG_WARN_INT_CONVERSION = YES;
				CLANG_WARN_NON_LITERAL_NULL_CONVERSION = YES;
				CLANG_WARN_OBJC_IMPLICIT_RETAIN_SELF = YES;
				CLANG_WARN_OBJC_LITERAL_CONVERSION = YES;
				CLANG_WARN_OBJC_ROOT_CLASS = YES_ERROR;
				CLANG_WARN_QUOTED_INCLUDE_IN_FRAMEWORK_HEADER = YES;
				CLANG_WARN_RANGE_LOOP_ANALYSIS = YES;
				CLANG_WARN_STRICT_PROTOTYPES = YES;
				CLANG_WARN_SUSPICIOUS_MOVE = YES;
				CLANG_WARN_UNGUARDED_AVAILABILITY = YES_AGGRESSIVE;
				CLANG_WARN_UNREACHABLE_CODE = YES;
				CLANG_WARN__DUPLICATE_METHOD_MATCH = YES;
				COPY_PHASE_STRIP = NO;
				DEBUG_INFORMATION_FORMAT = dwarf;
				ENABLE_STRICT_OBJC_MSGSEND = YES;
				ENABLE_TESTABILITY = YES;
				ENABLE_USER_SCRIPT_SANDBOXING = YES;
				GCC_C_LANGUAGE_STANDARD = gnu17;
				GCC_DYNAMIC_NO_PIC = NO;
				GCC_NO_COMMON_BLOCKS = YES;
				GCC_OPTIMIZATION_LEVEL = 0;
				GCC_PREPROCESSOR_DEFINITIONS = (
					"DEBUG=1",
					"$(inherited)",
				);
				GCC_WARN_64_TO_32_BIT_CONVERSION = YES;
				GCC_WARN_ABOUT_RETURN_TYPE = YES_ERROR;
				GCC_WARN_UNDECLARED_SELECTOR = YES;
				GCC_WARN_UNINITIALIZED_AUTOS = YES_AGGRESSIVE;
				GCC_WARN_UNUSED_FUNCTION = YES;
				GCC_WARN_UNUSED_VARIABLE = YES;
				IPHONEOS_DEPLOYMENT_TARGET = 17.5;
				LOCALIZATION_PREFERS_STRING_CATALOGS = YES;
				MTL_ENABLE_DEBUG_INFO = INCLUDE_SOURCE;
				MTL_FAST_MATH = YES;
				ONLY_ACTIVE_ARCH = YES;
				SDKROOT = iphoneos;
				SWIFT_ACTIVE_COMPILATION_CONDITIONS = "DEBUG $(inherited)";
				SWIFT_OPTIMIZATION_LEVEL = "-Onone";
			};
			name = Debug;
		};
		6C3B68AB2C94996000FC2BCD /* Release */ = {
			isa = XCBuildConfiguration;
			buildSettings = {
				ALWAYS_SEARCH_USER_PATHS = NO;
				ASSETCATALOG_COMPILER_GENERATE_SWIFT_ASSET_SYMBOL_EXTENSIONS = YES;
				CLANG_ANALYZER_NONNULL = YES;
				CLANG_ANALYZER_NUMBER_OBJECT_CONVERSION = YES_AGGRESSIVE;
				CLANG_CXX_LANGUAGE_STANDARD = "gnu++20";
				CLANG_ENABLE_MODULES = YES;
				CLANG_ENABLE_OBJC_ARC = YES;
				CLANG_ENABLE_OBJC_WEAK = YES;
				CLANG_WARN_BLOCK_CAPTURE_AUTORELEASING = YES;
				CLANG_WARN_BOOL_CONVERSION = YES;
				CLANG_WARN_COMMA = YES;
				CLANG_WARN_CONSTANT_CONVERSION = YES;
				CLANG_WARN_DEPRECATED_OBJC_IMPLEMENTATIONS = YES;
				CLANG_WARN_DIRECT_OBJC_ISA_USAGE = YES_ERROR;
				CLANG_WARN_DOCUMENTATION_COMMENTS = YES;
				CLANG_WARN_EMPTY_BODY = YES;
				CLANG_WARN_ENUM_CONVERSION = YES;
				CLANG_WARN_INFINITE_RECURSION = YES;
				CLANG_WARN_INT_CONVERSION = YES;
				CLANG_WARN_NON_LITERAL_NULL_CONVERSION = YES;
				CLANG_WARN_OBJC_IMPLICIT_RETAIN_SELF = YES;
				CLANG_WARN_OBJC_LITERAL_CONVERSION = YES;
				CLANG_WARN_OBJC_ROOT_CLASS = YES_ERROR;
				CLANG_WARN_QUOTED_INCLUDE_IN_FRAMEWORK_HEADER = YES;
				CLANG_WARN_RANGE_LOOP_ANALYSIS = YES;
				CLANG_WARN_STRICT_PROTOTYPES = YES;
				CLANG_WARN_SUSPICIOUS_MOVE = YES;
				CLANG_WARN_UNGUARDED_AVAILABILITY = YES_AGGRESSIVE;
				CLANG_WARN_UNREACHABLE_CODE = YES;
				CLANG_WARN__DUPLICATE_METHOD_MATCH = YES;
				COPY_PHASE_STRIP = NO;
				DEBUG_INFORMATION_FORMAT = "dwarf-with-dsym";
				ENABLE_NS_ASSERTIONS = NO;
				ENABLE_STRICT_OBJC_MSGSEND = YES;
				ENABLE_USER_SCRIPT_SANDBOXING = YES;
				GCC_C_LANGUAGE_STANDARD = gnu17;
				GCC_NO_COMMON_BLOCKS = YES;
				GCC_WARN_64_TO_32_BIT_CONVERSION = YES;
				GCC_WARN_ABOUT_RETURN_TYPE = YES_ERROR;
				GCC_WARN_UNDECLARED_SELECTOR = YES;
				GCC_WARN_UNINITIALIZED_AUTOS = YES_AGGRESSIVE;
				GCC_WARN_UNUSED_FUNCTION = YES;
				GCC_WARN_UNUSED_VARIABLE = YES;
				IPHONEOS_DEPLOYMENT_TARGET = 17.5;
				LOCALIZATION_PREFERS_STRING_CATALOGS = YES;
				MTL_ENABLE_DEBUG_INFO = NO;
				MTL_FAST_MATH = YES;
				SDKROOT = iphoneos;
				SWIFT_COMPILATION_MODE = wholemodule;
				VALIDATE_PRODUCT = YES;
			};
			name = Release;
		};
		6C3B68AD2C94996000FC2BCD /* Debug */ = {
			isa = XCBuildConfiguration;
			buildSettings = {
				ASSETCATALOG_COMPILER_APPICON_NAME = AppIcon;
				ASSETCATALOG_COMPILER_GLOBAL_ACCENT_COLOR_NAME = AccentColor;
				CODE_SIGN_STYLE = Automatic;
				CURRENT_PROJECT_VERSION = 1;
				DEVELOPMENT_ASSET_PATHS = "\"DemCareVoice/Preview Content\"";
				ENABLE_PREVIEWS = YES;
				GENERATE_INFOPLIST_FILE = YES;
				INFOPLIST_FILE = DemCareVoice/Info.plist;
				INFOPLIST_KEY_NSMicrophoneUsageDescription = "We need access to your microphone for speech recognition.";
				INFOPLIST_KEY_NSSpeechRecognitionUsageDescription = "We need access to speech recognition.";
				INFOPLIST_KEY_UIApplicationSceneManifest_Generation = YES;
				INFOPLIST_KEY_UIApplicationSupportsIndirectInputEvents = YES;
				INFOPLIST_KEY_UILaunchScreen_Generation = YES;
				INFOPLIST_KEY_UISupportedInterfaceOrientations_iPad = "UIInterfaceOrientationPortrait UIInterfaceOrientationPortraitUpsideDown UIInterfaceOrientationLandscapeLeft UIInterfaceOrientationLandscapeRight";
				INFOPLIST_KEY_UISupportedInterfaceOrientations_iPhone = "UIInterfaceOrientationPortrait UIInterfaceOrientationLandscapeLeft UIInterfaceOrientationLandscapeRight";
				LD_RUNPATH_SEARCH_PATHS = (
					"$(inherited)",
					"@executable_path/Frameworks",
				);
				MARKETING_VERSION = 1.0;
				PRODUCT_BUNDLE_IDENTIFIER = name.emilycenteno.DemCareVoice;
				PRODUCT_NAME = "$(TARGET_NAME)";
				SWIFT_EMIT_LOC_STRINGS = YES;
				SWIFT_VERSION = 5.0;
				TARGETED_DEVICE_FAMILY = "1,2";
			};
			name = Debug;
		};
		6C3B68AE2C94996000FC2BCD /* Release */ = {
			isa = XCBuildConfiguration;
			buildSettings = {
				ASSETCATALOG_COMPILER_APPICON_NAME = AppIcon;
				ASSETCATALOG_COMPILER_GLOBAL_ACCENT_COLOR_NAME = AccentColor;
				CODE_SIGN_STYLE = Automatic;
				CURRENT_PROJECT_VERSION = 1;
				DEVELOPMENT_ASSET_PATHS = "\"DemCareVoice/Preview Content\"";
				ENABLE_PREVIEWS = YES;
				GENERATE_INFOPLIST_FILE = YES;
				INFOPLIST_FILE = DemCareVoice/Info.plist;
				INFOPLIST_KEY_NSMicrophoneUsageDescription = "We need access to your microphone for speech recognition.";
				INFOPLIST_KEY_NSSpeechRecognitionUsageDescription = "We need access to speech recognition.";
				INFOPLIST_KEY_UIApplicationSceneManifest_Generation = YES;
				INFOPLIST_KEY_UIApplicationSupportsIndirectInputEvents = YES;
				INFOPLIST_KEY_UILaunchScreen_Generation = YES;
				INFOPLIST_KEY_UISupportedInterfaceOrientations_iPad = "UIInterfaceOrientationPortrait UIInterfaceOrientationPortraitUpsideDown UIInterfaceOrientationLandscapeLeft UIInterfaceOrientationLandscapeRight";
				INFOPLIST_KEY_UISupportedInterfaceOrientations_iPhone = "UIInterfaceOrientationPortrait UIInterfaceOrientationLandscapeLeft UIInterfaceOrientationLandscapeRight";
				LD_RUNPATH_SEARCH_PATHS = (
					"$(inherited)",
					"@executable_path/Frameworks",
				);
				MARKETING_VERSION = 1.0;
				PRODUCT_BUNDLE_IDENTIFIER = name.emilycenteno.DemCareVoice;
				PRODUCT_NAME = "$(TARGET_NAME)";
				SWIFT_EMIT_LOC_STRINGS = YES;
				SWIFT_VERSION = 5.0;
				TARGETED_DEVICE_FAMILY = "1,2";
			};
			name = Release;
		};
		6C3B68B02C94996000FC2BCD /* Debug */ = {
			isa = XCBuildConfiguration;
			buildSettings = {
				BUNDLE_LOADER = "$(TEST_HOST)";
				CODE_SIGN_STYLE = Automatic;
				CURRENT_PROJECT_VERSION = 1;
				GENERATE_INFOPLIST_FILE = YES;
				IPHONEOS_DEPLOYMENT_TARGET = 17.5;
				MARKETING_VERSION = 1.0;
				PRODUCT_BUNDLE_IDENTIFIER = name.emilycenteno.DemCareVoiceTests;
				PRODUCT_NAME = "$(TARGET_NAME)";
				SWIFT_EMIT_LOC_STRINGS = NO;
				SWIFT_VERSION = 5.0;
				TARGETED_DEVICE_FAMILY = "1,2";
				TEST_HOST = "$(BUILT_PRODUCTS_DIR)/DemCareVoice.app/$(BUNDLE_EXECUTABLE_FOLDER_PATH)/DemCareVoice";
			};
			name = Debug;
		};
		6C3B68B12C94996000FC2BCD /* Release */ = {
			isa = XCBuildConfiguration;
			buildSettings = {
				BUNDLE_LOADER = "$(TEST_HOST)";
				CODE_SIGN_STYLE = Automatic;
				CURRENT_PROJECT_VERSION = 1;
				GENERATE_INFOPLIST_FILE = YES;
				IPHONEOS_DEPLOYMENT_TARGET = 17.5;
				MARKETING_VERSION = 1.0;
				PRODUCT_BUNDLE_IDENTIFIER = name.emilycenteno.DemCareVoiceTests;
				PRODUCT_NAME = "$(TARGET_NAME)";
				SWIFT_EMIT_LOC_STRINGS = NO;
				SWIFT_VERSION = 5.0;
				TARGETED_DEVICE_FAMILY = "1,2";
				TEST_HOST = "$(BUILT_PRODUCTS_DIR)/DemCareVoice.app/$(BUNDLE_EXECUTABLE_FOLDER_PATH)/DemCareVoice";
			};
			name = Release;
		};
		6C3B68B32C94996000FC2BCD /* Debug */ = {
			isa = XCBuildConfiguration;
			buildSettings = {
				CODE_SIGN_STYLE = Automatic;
				CURRENT_PROJECT_VERSION = 1;
				GENERATE_INFOPLIST_FILE = YES;
				MARKETING_VERSION = 1.0;
				PRODUCT_BUNDLE_IDENTIFIER = name.emilycenteno.DemCareVoiceUITests;
				PRODUCT_NAME = "$(TARGET_NAME)";
				SWIFT_EMIT_LOC_STRINGS = NO;
				SWIFT_VERSION = 5.0;
				TARGETED_DEVICE_FAMILY = "1,2";
				TEST_TARGET_NAME = DemCareVoice;
			};
			name = Debug;
		};
		6C3B68B42C94996000FC2BCD /* Release */ = {
			isa = XCBuildConfiguration;
			buildSettings = {
				CODE_SIGN_STYLE = Automatic;
				CURRENT_PROJECT_VERSION = 1;
				GENERATE_INFOPLIST_FILE = YES;
				MARKETING_VERSION = 1.0;
				PRODUCT_BUNDLE_IDENTIFIER = name.emilycenteno.DemCareVoiceUITests;
				PRODUCT_NAME = "$(TARGET_NAME)";
				SWIFT_EMIT_LOC_STRINGS = NO;
				SWIFT_VERSION = 5.0;
				TARGETED_DEVICE_FAMILY = "1,2";
				TEST_TARGET_NAME = DemCareVoice;
			};
			name = Release;
		};
/* End XCBuildConfiguration section */

/* Begin XCConfigurationList section */
		6C3B68812C94995F00FC2BCD /* Build configuration list for PBXProject "DemCareVoice" */ = {
			isa = XCConfigurationList;
			buildConfigurations = (
				6C3B68AA2C94996000FC2BCD /* Debug */,
				6C3B68AB2C94996000FC2BCD /* Release */,
			);
			defaultConfigurationIsVisible = 0;
			defaultConfigurationName = Release;
		};
		6C3B68AC2C94996000FC2BCD /* Build configuration list for PBXNativeTarget "DemCareVoice" */ = {
			isa = XCConfigurationList;
			buildConfigurations = (
				6C3B68AD2C94996000FC2BCD /* Debug */,
				6C3B68AE2C94996000FC2BCD /* Release */,
			);
			defaultConfigurationIsVisible = 0;
			defaultConfigurationName = Release;
		};
		6C3B68AF2C94996000FC2BCD /* Build configuration list for PBXNativeTarget "DemCareVoiceTests" */ = {
			isa = XCConfigurationList;
			buildConfigurations = (
				6C3B68B02C94996000FC2BCD /* Debug */,
				6C3B68B12C94996000FC2BCD /* Release */,
			);
			defaultConfigurationIsVisible = 0;
			defaultConfigurationName = Release;
		};
		6C3B68B22C94996000FC2BCD /* Build configuration list for PBXNativeTarget "DemCareVoiceUITests" */ = {
			isa = XCConfigurationList;
			buildConfigurations = (
				6C3B68B32C94996000FC2BCD /* Debug */,
				6C3B68B42C94996000FC2BCD /* Release */,
			);
			defaultConfigurationIsVisible = 0;
			defaultConfigurationName = Release;
		};
/* End XCConfigurationList section */
	};
	rootObject = 6C3B687E2C94995F00FC2BCD /* Project object */;
}
